
Microsoft Visual Studio Solution File, Format Version 12.00
# Visual Studio 15
Project("{FAE04EC0-301F-11D3-BF4B-00C04F79EFBC}") = "PetersGallery", "PetersGallery\PetersGallery.csproj", "{1178536D-E1B1-4388-B3D3-D8CD29513D0B}"
EndProject
Project("{2150E333-8FDC-42A3-9474-1A3956D46DE8}") = "Solution Items", "Solution Items", "{6242674F-985F-4316-B2A6-531638835899}"
	ProjectSection(SolutionItems) = preProject
		Main.html = Main.html
		Painting.html = Painting.html
		SideBar.css = SideBar.css
		AboutUs.html = AboutUs.html
		Drawing.html = Drawing.html
		Photography.html = Photography.html
		Film.html = Film.html
		DigitalArt.html = DigitalArt.html
		Searching.js = Searching.js
	EndProjectSection
EndProject
Project("{2150E333-8FDC-42A3-9474-1A3956D46DE8}") = "Image_WebPages", "Image_WebPages", "{42296F95-EFA2-451A-B2B9-F06E3E1C99E5}"
	ProjectSection(SolutionItems) = preProject
		TemplateImageWebPage.html = TemplateImageWebPage.html
	EndProjectSection
EndProject
Project("{2150E333-8FDC-42A3-9474-1A3956D46DE8}") = "Painting_Pages", "Painting_Pages", "{9D45A986-8EE3-47A8-8E6F-D911AF582576}"
	ProjectSection(SolutionItems) = preProject
		Drownin_Garcia.html = Drownin_Garcia.html
		Mountains_Shreim.html = Mountains_Shreim.html
		Irene_Lillian.html = Irene_Lillian.html
	EndProjectSection
EndProject
Project("{2150E333-8FDC-42A3-9474-1A3956D46DE8}") = "Images", "Images", "{128F370F-1FF8-42E6-9143-E4D2CA2C6C57}"
	ProjectSection(SolutionItems) = preProject
		nature.jpg = nature.jpg
		lights.jpg = lights.jpg
		img_snow.jpg = img_snow.jpg
		IMG_1274.jpeg = IMG_1274.jpeg
		LauraMyvanNoon.jpeg = LauraMyvanNoon.jpeg
		NormanPaulGarcia.jpeg = NormanPaulGarcia.jpeg
		RamieGhassanShreim.jpeg = RamieGhassanShreim.jpeg
		RachelLee.jpg = RachelLee.jpg
		LillianW.JPG = LillianW.JPG
	EndProjectSection
EndProject
Project("{2150E333-8FDC-42A3-9474-1A3956D46DE8}") = "DigitalArt_Pages", "DigitalArt_Pages", "{F7D359BA-B091-4473-A1D2-2E56432CBE91}"
	ProjectSection(SolutionItems) = preProject
		Eclipse_Noon.html = Eclipse_Noon.html
	EndProjectSection
EndProject
Project("{2150E333-8FDC-42A3-9474-1A3956D46DE8}") = "Drawing_Pages", "Drawing_Pages", "{244ADA42-01D9-4EA4-95A5-2A6997521FD1}"
	ProjectSection(SolutionItems) = preProject
		Lee_Untitled.html = Lee_Untitled.html
	EndProjectSection
EndProject
Global
	GlobalSection(SolutionConfigurationPlatforms) = preSolution
		Debug|Any CPU = Debug|Any CPU
		Release|Any CPU = Release|Any CPU
	EndGlobalSection
	GlobalSection(ProjectConfigurationPlatforms) = postSolution
		{1178536D-E1B1-4388-B3D3-D8CD29513D0B}.Debug|Any CPU.ActiveCfg = Debug|Any CPU
		{1178536D-E1B1-4388-B3D3-D8CD29513D0B}.Debug|Any CPU.Build.0 = Debug|Any CPU
		{1178536D-E1B1-4388-B3D3-D8CD29513D0B}.Release|Any CPU.ActiveCfg = Release|Any CPU
		{1178536D-E1B1-4388-B3D3-D8CD29513D0B}.Release|Any CPU.Build.0 = Release|Any CPU
	EndGlobalSection
	GlobalSection(NestedProjects) = preSolution
		{42296F95-EFA2-451A-B2B9-F06E3E1C99E5} = {6242674F-985F-4316-B2A6-531638835899}
		{9D45A986-8EE3-47A8-8E6F-D911AF582576} = {42296F95-EFA2-451A-B2B9-F06E3E1C99E5}
		{128F370F-1FF8-42E6-9143-E4D2CA2C6C57} = {6242674F-985F-4316-B2A6-531638835899}
		{F7D359BA-B091-4473-A1D2-2E56432CBE91} = {42296F95-EFA2-451A-B2B9-F06E3E1C99E5}
		{244ADA42-01D9-4EA4-95A5-2A6997521FD1} = {42296F95-EFA2-451A-B2B9-F06E3E1C99E5}
	EndGlobalSection
EndGlobal
